
Microsoft Visual Studio Solution File, Format Version 12.00
# Visual Studio Version 17
VisualStudioVersion = 17.6.33723.286
MinimumVisualStudioVersion = 10.0.40219.1
Project("{FAE04EC0-301F-11D3-BF4B-00C04F79EFBC}") = "FiksturApp", "FiksturApp\FiksturApp.csproj", "{870BFEDD-9A0C-4802-B642-D102EF998DA4}"
EndProject
Global
	GlobalSection(SolutionConfigurationPlatforms) = preSolution
		Debug|Any CPU = Debug|Any CPU
		Release|Any CPU = Release|Any CPU
	EndGlobalSection
	GlobalSection(ProjectConfigurationPlatforms) = postSolution
		{870BFEDD-9A0C-4802-B642-D102EF998DA4}.Debug|Any CPU.ActiveCfg = Debug|Any CPU
		{870BFEDD-9A0C-4802-B642-D102EF998DA4}.Debug|Any CPU.Build.0 = Debug|Any CPU
		{870BFEDD-9A0C-4802-B642-D102EF998DA4}.Release|Any CPU.ActiveCfg = Release|Any CPU
		{870BFEDD-9A0C-4802-B642-D102EF998DA4}.Release|Any CPU.Build.0 = Release|Any CPU
	EndGlobalSection
	GlobalSection(SolutionProperties) = preSolution
		HideSolutionNode = FALSE
	EndGlobalSection
	GlobalSection(ExtensibilityGlobals) = postSolution
		SolutionGuid = {ADA6704E-77A6-4EB8-8112-88D0C53E2294}
	EndGlobalSection
EndGlobal
